
Microsoft Visual Studio Solution File, Format Version 12.00
# Visual Studio Version 17
VisualStudioVersion = 17.5.33530.505
MinimumVisualStudioVersion = 10.0.40219.1
Project("{FAE04EC0-301F-11D3-BF4B-00C04F79EFBC}") = "SomeWeb", "SomeWeb\SomeWeb.csproj", "{15EE5273-D52B-4184-B1FF-062A1D87FE42}"
EndProject
Global
	GlobalSection(SolutionConfigurationPlatforms) = preSolution
		Debug|Any CPU = Debug|Any CPU
		Release|Any CPU = Release|Any CPU
	EndGlobalSection
	GlobalSection(ProjectConfigurationPlatforms) = postSolution
		{15EE5273-D52B-4184-B1FF-062A1D87FE42}.Debug|Any CPU.ActiveCfg = Debug|Any CPU
		{15EE5273-D52B-4184-B1FF-062A1D87FE42}.Debug|Any CPU.Build.0 = Debug|Any CPU
		{15EE5273-D52B-4184-B1FF-062A1D87FE42}.Release|Any CPU.ActiveCfg = Release|Any CPU
		{15EE5273-D52B-4184-B1FF-062A1D87FE42}.Release|Any CPU.Build.0 = Release|Any CPU
	EndGlobalSection
	GlobalSection(SolutionProperties) = preSolution
		HideSolutionNode = FALSE
	EndGlobalSection
	GlobalSection(ExtensibilityGlobals) = postSolution
		SolutionGuid = {E4CFFE2B-E527-4413-B950-C83F04B31ECC}
	EndGlobalSection
EndGlobal
