
Microsoft Visual Studio Solution File, Format Version 12.00
# Visual Studio Version 17
VisualStudioVersion = 17.5.001.0
MinimumVisualStudioVersion = 10.0.40219.1
Project("{9A19103F-16F7-4668-BE54-9A1E7A4F7556}") = "SomeWeb", "SomeWeb.csproj", "{285B8FF1-00C3-494C-822C-D5ED26812FD3}"
EndProject
Global
	GlobalSection(SolutionConfigurationPlatforms) = preSolution
		Debug|Any CPU = Debug|Any CPU
		Release|Any CPU = Release|Any CPU
	EndGlobalSection
	GlobalSection(ProjectConfigurationPlatforms) = postSolution
		{285B8FF1-00C3-494C-822C-D5ED26812FD3}.Debug|Any CPU.ActiveCfg = Debug|Any CPU
		{285B8FF1-00C3-494C-822C-D5ED26812FD3}.Debug|Any CPU.Build.0 = Debug|Any CPU
		{285B8FF1-00C3-494C-822C-D5ED26812FD3}.Release|Any CPU.ActiveCfg = Release|Any CPU
		{285B8FF1-00C3-494C-822C-D5ED26812FD3}.Release|Any CPU.Build.0 = Release|Any CPU
	EndGlobalSection
	GlobalSection(SolutionProperties) = preSolution
		HideSolutionNode = FALSE
	EndGlobalSection
	GlobalSection(ExtensibilityGlobals) = postSolution
		SolutionGuid = {CCA8E31F-176A-4D1C-9749-4AFE032F165D}
	EndGlobalSection
EndGlobal
